
Microsoft Visual Studio Solution File, Format Version 12.00
# Visual Studio Version 16
VisualStudioVersion = 16.0.30907.101
MinimumVisualStudioVersion = 10.0.40219.1
Project("{FAE04EC0-301F-11D3-BF4B-00C04F79EFBC}") = "converttobinaryhex", "converttobinaryhex.csproj", "{2A98C194-5908-47F5-AC1C-90A4BA29A887}"
EndProject
Global
	GlobalSection(SolutionConfigurationPlatforms) = preSolution
		Debug|Any CPU = Debug|Any CPU
		Release|Any CPU = Release|Any CPU
	EndGlobalSection
	GlobalSection(ProjectConfigurationPlatforms) = postSolution
		{2A98C194-5908-47F5-AC1C-90A4BA29A887}.Debug|Any CPU.ActiveCfg = Debug|Any CPU
		{2A98C194-5908-47F5-AC1C-90A4BA29A887}.Debug|Any CPU.Build.0 = Debug|Any CPU
		{2A98C194-5908-47F5-AC1C-90A4BA29A887}.Release|Any CPU.ActiveCfg = Release|Any CPU
		{2A98C194-5908-47F5-AC1C-90A4BA29A887}.Release|Any CPU.Build.0 = Release|Any CPU
	EndGlobalSection
	GlobalSection(SolutionProperties) = preSolution
		HideSolutionNode = FALSE
	EndGlobalSection
	GlobalSection(ExtensibilityGlobals) = postSolution
		SolutionGuid = {48B22AA1-8AD2-4AD9-9684-5EBA5F84E335}
	EndGlobalSection
EndGlobal
